
Microsoft Visual Studio Solution File, Format Version 12.00
# Visual Studio Version 17
VisualStudioVersion = 17.11.35219.272
MinimumVisualStudioVersion = 10.0.40219.1
Project("{9A19103F-16F7-4668-BE54-9A1E7A4F7556}") = "Core", "Core\Core.csproj", "{FA928949-0E48-486B-A83F-1510BF02FD67}"
EndProject
Project("{9A19103F-16F7-4668-BE54-9A1E7A4F7556}") = "Tests", "Tests\Tests.csproj", "{8FB2EAD3-6FBE-454A-950C-EED18018CBF9}"
EndProject
Global
	GlobalSection(SolutionConfigurationPlatforms) = preSolution
		Debug|Any CPU = Debug|Any CPU
		Release|Any CPU = Release|Any CPU
	EndGlobalSection
	GlobalSection(ProjectConfigurationPlatforms) = postSolution
		{FA928949-0E48-486B-A83F-1510BF02FD67}.Debug|Any CPU.ActiveCfg = Debug|Any CPU
		{FA928949-0E48-486B-A83F-1510BF02FD67}.Debug|Any CPU.Build.0 = Debug|Any CPU
		{FA928949-0E48-486B-A83F-1510BF02FD67}.Release|Any CPU.ActiveCfg = Release|Any CPU
		{FA928949-0E48-486B-A83F-1510BF02FD67}.Release|Any CPU.Build.0 = Release|Any CPU
		{8FB2EAD3-6FBE-454A-950C-EED18018CBF9}.Debug|Any CPU.ActiveCfg = Debug|Any CPU
		{8FB2EAD3-6FBE-454A-950C-EED18018CBF9}.Debug|Any CPU.Build.0 = Debug|Any CPU
		{8FB2EAD3-6FBE-454A-950C-EED18018CBF9}.Release|Any CPU.ActiveCfg = Release|Any CPU
		{8FB2EAD3-6FBE-454A-950C-EED18018CBF9}.Release|Any CPU.Build.0 = Release|Any CPU
	EndGlobalSection
	GlobalSection(SolutionProperties) = preSolution
		HideSolutionNode = FALSE
	EndGlobalSection
	GlobalSection(ExtensibilityGlobals) = postSolution
		SolutionGuid = {D66BD3D9-37FA-4F75-B2CA-A185DCBB761D}
	EndGlobalSection
EndGlobal
